# THIS IS AN AUTOGENERATED FILE. DO NOT EDIT THIS FILE DIRECTLY.
# yarn lockfile v1


nanoid@^3.1.29:
  version "3.1.29"
  resolved "https://registry.yarnpkg.com/nanoid/-/nanoid-3.1.29.tgz#214fb2d7a33e1a5bef4757b779dfaeb6a4e5aeb4"
  integrity sha512-dW2pUSGZ8ZnCFIlBIA31SV8huOGCHb6OwzVCc7A69rb/a+SgPBwfmLvK5TKQ3INPbRkcI8a/Owo0XbiTNH19wg==
